Microsoft Visual Studio Solution File, Format Version 12.00
# Visual Studio 2012
Project("{FAE04EC0-301F-11D3-BF4B-00C04F79EFBC}") = "Space Shooter", "Space Shooter.csproj", "{A516601C-DCD9-49DC-BD18-5722A5D5E6AE}"
EndProject
Global
	GlobalSection(SolutionConfigurationPlatforms) = preSolution
	Debug|Any CPU = Debug|Any CPU
	ExportDebug|Any CPU = ExportDebug|Any CPU
	ExportRelease|Any CPU = ExportRelease|Any CPU
	EndGlobalSection
	GlobalSection(ProjectConfigurationPlatforms) = postSolution
		{A516601C-DCD9-49DC-BD18-5722A5D5E6AE}.Debug|Any CPU.ActiveCfg = Debug|Any CPU
		{A516601C-DCD9-49DC-BD18-5722A5D5E6AE}.Debug|Any CPU.Build.0 = Debug|Any CPU
		{A516601C-DCD9-49DC-BD18-5722A5D5E6AE}.ExportDebug|Any CPU.ActiveCfg = ExportDebug|Any CPU
		{A516601C-DCD9-49DC-BD18-5722A5D5E6AE}.ExportDebug|Any CPU.Build.0 = ExportDebug|Any CPU
		{A516601C-DCD9-49DC-BD18-5722A5D5E6AE}.ExportRelease|Any CPU.ActiveCfg = ExportRelease|Any CPU
		{A516601C-DCD9-49DC-BD18-5722A5D5E6AE}.ExportRelease|Any CPU.Build.0 = ExportRelease|Any CPU
	EndGlobalSection
EndGlobal
